
Microsoft Visual Studio Solution File, Format Version 12.00
# Visual Studio Version 16
VisualStudioVersion = 16.0.30406.217
MinimumVisualStudioVersion = 10.0.40219.1
Project("{9A19103F-16F7-4668-BE54-9A1E7A4F7556}") = "Smtp", "Smtp\Smtp.csproj", "{699ABB01-1C74-42BF-8486-898803309F1C}"
EndProject
Project("{9A19103F-16F7-4668-BE54-9A1E7A4F7556}") = "EPPlusExportExcel", "EPPlusExportExcel\EPPlusExportExcel.csproj", "{60B484D2-1919-473C-B47C-E772B7E7DCA5}"
EndProject
Project("{9A19103F-16F7-4668-BE54-9A1E7A4F7556}") = "DinkToPdfTut", "DinkToPdfTut\DinkToPdfTut.csproj", "{86D4FA20-20F8-4E47-B643-4FADEF986FD5}"
EndProject
Project("{2150E333-8FDC-42A3-9474-1A3956D46DE8}") = "1-DinkToPdf", "1-DinkToPdf", "{89DA5747-5038-4560-BCED-D8F295FD7E6A}"
EndProject
Project("{2150E333-8FDC-42A3-9474-1A3956D46DE8}") = "2-EPPlus", "2-EPPlus", "{6B445936-C617-458A-A8D2-511E431CB88D}"
EndProject
Project("{2150E333-8FDC-42A3-9474-1A3956D46DE8}") = "3-SMTP", "3-SMTP", "{23F2754E-B805-415A-971B-0016F6F1D7EB}"
EndProject
Project("{2150E333-8FDC-42A3-9474-1A3956D46DE8}") = "4-OneSignal", "4-OneSignal", "{B0B7CED1-F53C-4471-811A-7346B694425C}"
EndProject
Project("{9A19103F-16F7-4668-BE54-9A1E7A4F7556}") = "OneSignal", "OneSignal\OneSignal.csproj", "{E571E802-9C40-4DA2-AA62-ECB454B31DAF}"
EndProject
Project("{2150E333-8FDC-42A3-9474-1A3956D46DE8}") = "5-Microsoft Teams", "5-Microsoft Teams", "{61B944F2-9EEE-4E9C-8F28-3F7FE934E679}"
EndProject
Project("{FAE04EC0-301F-11D3-BF4B-00C04F79EFBC}") = "MicrosoftTeam", "MicrosoftTeam\MicrosoftTeam.csproj", "{94E7EEC3-9158-403F-A2A9-914821014323}"
EndProject
Project("{9A19103F-16F7-4668-BE54-9A1E7A4F7556}") = "Microsoft.Graph.Auth", "Microsoft.Authencation\Microsoft.Graph.Auth.csproj", "{D2401B0E-141B-4311-A255-F52E7C6078B7}"
EndProject
Global
	GlobalSection(SolutionConfigurationPlatforms) = preSolution
		Debug|Any CPU = Debug|Any CPU
		Release|Any CPU = Release|Any CPU
	EndGlobalSection
	GlobalSection(ProjectConfigurationPlatforms) = postSolution
		{699ABB01-1C74-42BF-8486-898803309F1C}.Debug|Any CPU.ActiveCfg = Debug|Any CPU
		{699ABB01-1C74-42BF-8486-898803309F1C}.Debug|Any CPU.Build.0 = Debug|Any CPU
		{699ABB01-1C74-42BF-8486-898803309F1C}.Release|Any CPU.ActiveCfg = Release|Any CPU
		{699ABB01-1C74-42BF-8486-898803309F1C}.Release|Any CPU.Build.0 = Release|Any CPU
		{60B484D2-1919-473C-B47C-E772B7E7DCA5}.Debug|Any CPU.ActiveCfg = Debug|Any CPU
		{60B484D2-1919-473C-B47C-E772B7E7DCA5}.Debug|Any CPU.Build.0 = Debug|Any CPU
		{60B484D2-1919-473C-B47C-E772B7E7DCA5}.Release|Any CPU.ActiveCfg = Release|Any CPU
		{60B484D2-1919-473C-B47C-E772B7E7DCA5}.Release|Any CPU.Build.0 = Release|Any CPU
		{86D4FA20-20F8-4E47-B643-4FADEF986FD5}.Debug|Any CPU.ActiveCfg = Debug|Any CPU
		{86D4FA20-20F8-4E47-B643-4FADEF986FD5}.Debug|Any CPU.Build.0 = Debug|Any CPU
		{86D4FA20-20F8-4E47-B643-4FADEF986FD5}.Release|Any CPU.ActiveCfg = Release|Any CPU
		{86D4FA20-20F8-4E47-B643-4FADEF986FD5}.Release|Any CPU.Build.0 = Release|Any CPU
		{E571E802-9C40-4DA2-AA62-ECB454B31DAF}.Debug|Any CPU.ActiveCfg = Debug|Any CPU
		{E571E802-9C40-4DA2-AA62-ECB454B31DAF}.Debug|Any CPU.Build.0 = Debug|Any CPU
		{E571E802-9C40-4DA2-AA62-ECB454B31DAF}.Release|Any CPU.ActiveCfg = Release|Any CPU
		{E571E802-9C40-4DA2-AA62-ECB454B31DAF}.Release|Any CPU.Build.0 = Release|Any CPU
		{94E7EEC3-9158-403F-A2A9-914821014323}.Debug|Any CPU.ActiveCfg = Debug|Any CPU
		{94E7EEC3-9158-403F-A2A9-914821014323}.Debug|Any CPU.Build.0 = Debug|Any CPU
		{94E7EEC3-9158-403F-A2A9-914821014323}.Release|Any CPU.ActiveCfg = Release|Any CPU
		{94E7EEC3-9158-403F-A2A9-914821014323}.Release|Any CPU.Build.0 = Release|Any CPU
		{D2401B0E-141B-4311-A255-F52E7C6078B7}.Debug|Any CPU.ActiveCfg = Debug|Any CPU
		{D2401B0E-141B-4311-A255-F52E7C6078B7}.Debug|Any CPU.Build.0 = Debug|Any CPU
		{D2401B0E-141B-4311-A255-F52E7C6078B7}.Release|Any CPU.ActiveCfg = Release|Any CPU
		{D2401B0E-141B-4311-A255-F52E7C6078B7}.Release|Any CPU.Build.0 = Release|Any CPU
	EndGlobalSection
	GlobalSection(SolutionProperties) = preSolution
		HideSolutionNode = FALSE
	EndGlobalSection
	GlobalSection(NestedProjects) = preSolution
		{699ABB01-1C74-42BF-8486-898803309F1C} = {23F2754E-B805-415A-971B-0016F6F1D7EB}
		{60B484D2-1919-473C-B47C-E772B7E7DCA5} = {6B445936-C617-458A-A8D2-511E431CB88D}
		{86D4FA20-20F8-4E47-B643-4FADEF986FD5} = {89DA5747-5038-4560-BCED-D8F295FD7E6A}
		{E571E802-9C40-4DA2-AA62-ECB454B31DAF} = {B0B7CED1-F53C-4471-811A-7346B694425C}
		{94E7EEC3-9158-403F-A2A9-914821014323} = {61B944F2-9EEE-4E9C-8F28-3F7FE934E679}
		{D2401B0E-141B-4311-A255-F52E7C6078B7} = {61B944F2-9EEE-4E9C-8F28-3F7FE934E679}
	EndGlobalSection
	GlobalSection(ExtensibilityGlobals) = postSolution
		SolutionGuid = {88C1B60D-60B7-455F-A311-CEE59A19758C}
	EndGlobalSection
EndGlobal
